
Microsoft Visual Studio Solution File, Format Version 12.00
# Visual Studio Version 17
VisualStudioVersion = 17.6.33815.320
MinimumVisualStudioVersion = 10.0.40219.1
Project("{8BC9CEB8-8B4A-11D0-8D11-00A0C91BC942}") = "Salesman", "Salesman.vcxproj", "{3B0F2E3C-B5BB-455E-BC36-2537AC7E3DAC}"
EndProject
Project("{8BC9CEB8-8B4A-11D0-8D11-00A0C91BC942}") = "SalesmanTests", "..\SalesmanTests\SalesmanTests.vcxproj", "{5746FE69-4D55-416A-A851-78098B0DD347}"
EndProject
Global
	GlobalSection(SolutionConfigurationPlatforms) = preSolution
		Debug|x64 = Debug|x64
		Debug|x86 = Debug|x86
		Release|x64 = Release|x64
		Release|x86 = Release|x86
	EndGlobalSection
	GlobalSection(ProjectConfigurationPlatforms) = postSolution
		{3B0F2E3C-B5BB-455E-BC36-2537AC7E3DAC}.Debug|x64.ActiveCfg = Debug|x64
		{3B0F2E3C-B5BB-455E-BC36-2537AC7E3DAC}.Debug|x64.Build.0 = Debug|x64
		{3B0F2E3C-B5BB-455E-BC36-2537AC7E3DAC}.Debug|x86.ActiveCfg = Debug|Win32
		{3B0F2E3C-B5BB-455E-BC36-2537AC7E3DAC}.Debug|x86.Build.0 = Debug|Win32
		{3B0F2E3C-B5BB-455E-BC36-2537AC7E3DAC}.Release|x64.ActiveCfg = Release|x64
		{3B0F2E3C-B5BB-455E-BC36-2537AC7E3DAC}.Release|x64.Build.0 = Release|x64
		{3B0F2E3C-B5BB-455E-BC36-2537AC7E3DAC}.Release|x86.ActiveCfg = Release|Win32
		{3B0F2E3C-B5BB-455E-BC36-2537AC7E3DAC}.Release|x86.Build.0 = Release|Win32
		{5746FE69-4D55-416A-A851-78098B0DD347}.Debug|x64.ActiveCfg = Debug|x64
		{5746FE69-4D55-416A-A851-78098B0DD347}.Debug|x64.Build.0 = Debug|x64
		{5746FE69-4D55-416A-A851-78098B0DD347}.Debug|x86.ActiveCfg = Debug|Win32
		{5746FE69-4D55-416A-A851-78098B0DD347}.Debug|x86.Build.0 = Debug|Win32
		{5746FE69-4D55-416A-A851-78098B0DD347}.Release|x64.ActiveCfg = Release|x64
		{5746FE69-4D55-416A-A851-78098B0DD347}.Release|x64.Build.0 = Release|x64
		{5746FE69-4D55-416A-A851-78098B0DD347}.Release|x86.ActiveCfg = Release|Win32
		{5746FE69-4D55-416A-A851-78098B0DD347}.Release|x86.Build.0 = Release|Win32
	EndGlobalSection
	GlobalSection(SolutionProperties) = preSolution
		HideSolutionNode = FALSE
	EndGlobalSection
	GlobalSection(ExtensibilityGlobals) = postSolution
		SolutionGuid = {C1F8961C-14A0-4EDA-A2C0-A6A97BCA1E10}
	EndGlobalSection
EndGlobal
